
Microsoft Visual Studio Solution File, Format Version 12.00
# Visual Studio 2015
Project("{FAE04EC0-301F-11D3-BF4B-00C04F79EFBC}") = "TD_Prototyping.CSharp.Plugins", "TD_Prototyping.CSharp.Plugins.csproj", "{464B48E6-06C1-E396-8044-B46F85558F87}"
EndProject
Project("{FAE04EC0-301F-11D3-BF4B-00C04F79EFBC}") = "TD_Prototyping.CSharp", "TD_Prototyping.CSharp.csproj", "{222CEA41-DF77-7E78-C805-C1D09F2FE80A}"
EndProject
Project("{FAE04EC0-301F-11D3-BF4B-00C04F79EFBC}") = "TD_Prototyping.CSharp.Editor", "TD_Prototyping.CSharp.Editor.csproj", "{85D5562B-71E9-6281-FD9D-3F10DAE00DA1}"
EndProject
Global
	GlobalSection(SolutionConfigurationPlatforms) = preSolution
		Debug|Any CPU = Debug|Any CPU
		Release|Any CPU = Release|Any CPU
	EndGlobalSection
	GlobalSection(ProjectConfigurationPlatforms) = postSolution
		{464B48E6-06C1-E396-8044-B46F85558F87}.Debug|Any CPU.ActiveCfg = Debug|Any CPU
		{464B48E6-06C1-E396-8044-B46F85558F87}.Debug|Any CPU.Build.0 = Debug|Any CPU
		{464B48E6-06C1-E396-8044-B46F85558F87}.Release|Any CPU.ActiveCfg = Release|Any CPU
		{464B48E6-06C1-E396-8044-B46F85558F87}.Release|Any CPU.Build.0 = Release|Any CPU
		{222CEA41-DF77-7E78-C805-C1D09F2FE80A}.Debug|Any CPU.ActiveCfg = Debug|Any CPU
		{222CEA41-DF77-7E78-C805-C1D09F2FE80A}.Debug|Any CPU.Build.0 = Debug|Any CPU
		{222CEA41-DF77-7E78-C805-C1D09F2FE80A}.Release|Any CPU.ActiveCfg = Release|Any CPU
		{222CEA41-DF77-7E78-C805-C1D09F2FE80A}.Release|Any CPU.Build.0 = Release|Any CPU
		{85D5562B-71E9-6281-FD9D-3F10DAE00DA1}.Debug|Any CPU.ActiveCfg = Debug|Any CPU
		{85D5562B-71E9-6281-FD9D-3F10DAE00DA1}.Debug|Any CPU.Build.0 = Debug|Any CPU
		{85D5562B-71E9-6281-FD9D-3F10DAE00DA1}.Release|Any CPU.ActiveCfg = Release|Any CPU
		{85D5562B-71E9-6281-FD9D-3F10DAE00DA1}.Release|Any CPU.Build.0 = Release|Any CPU
	EndGlobalSection
	GlobalSection(SolutionProperties) = preSolution
		HideSolutionNode = FALSE
	EndGlobalSection
EndGlobal
