
Microsoft Visual Studio Solution File, Format Version 12.00
# Visual Studio 2015
Project("{FAE04EC0-301F-11D3-BF4B-00C04F79EFBC}") = "TD_Prototyping2.CSharp.Plugins", "TD_Prototyping2.CSharp.Plugins.csproj", "{82E0BA84-ED29-CD97-6BD3-F942026CBA05}"
EndProject
Project("{FAE04EC0-301F-11D3-BF4B-00C04F79EFBC}") = "TD_Prototyping2.CSharp", "TD_Prototyping2.CSharp.csproj", "{94D9CC45-BA4C-6B0F-3ED5-672BC9D3E2D4}"
EndProject
Project("{FAE04EC0-301F-11D3-BF4B-00C04F79EFBC}") = "TD_Prototyping2.CSharp.Editor", "TD_Prototyping2.CSharp.Editor.csproj", "{FC83EA9B-B9A5-CE4A-6B93-FD5722B1D00E}"
EndProject
Global
	GlobalSection(SolutionConfigurationPlatforms) = preSolution
		Debug|Any CPU = Debug|Any CPU
		Release|Any CPU = Release|Any CPU
	EndGlobalSection
	GlobalSection(ProjectConfigurationPlatforms) = postSolution
		{82E0BA84-ED29-CD97-6BD3-F942026CBA05}.Debug|Any CPU.ActiveCfg = Debug|Any CPU
		{82E0BA84-ED29-CD97-6BD3-F942026CBA05}.Debug|Any CPU.Build.0 = Debug|Any CPU
		{82E0BA84-ED29-CD97-6BD3-F942026CBA05}.Release|Any CPU.ActiveCfg = Release|Any CPU
		{82E0BA84-ED29-CD97-6BD3-F942026CBA05}.Release|Any CPU.Build.0 = Release|Any CPU
		{94D9CC45-BA4C-6B0F-3ED5-672BC9D3E2D4}.Debug|Any CPU.ActiveCfg = Debug|Any CPU
		{94D9CC45-BA4C-6B0F-3ED5-672BC9D3E2D4}.Debug|Any CPU.Build.0 = Debug|Any CPU
		{94D9CC45-BA4C-6B0F-3ED5-672BC9D3E2D4}.Release|Any CPU.ActiveCfg = Release|Any CPU
		{94D9CC45-BA4C-6B0F-3ED5-672BC9D3E2D4}.Release|Any CPU.Build.0 = Release|Any CPU
		{FC83EA9B-B9A5-CE4A-6B93-FD5722B1D00E}.Debug|Any CPU.ActiveCfg = Debug|Any CPU
		{FC83EA9B-B9A5-CE4A-6B93-FD5722B1D00E}.Debug|Any CPU.Build.0 = Debug|Any CPU
		{FC83EA9B-B9A5-CE4A-6B93-FD5722B1D00E}.Release|Any CPU.ActiveCfg = Release|Any CPU
		{FC83EA9B-B9A5-CE4A-6B93-FD5722B1D00E}.Release|Any CPU.Build.0 = Release|Any CPU
	EndGlobalSection
	GlobalSection(SolutionProperties) = preSolution
		HideSolutionNode = FALSE
	EndGlobalSection
EndGlobal
